// !$*UTF8*$!
{
	archiveVersion = 1;
	classes = {
	};
	objectVersion = 55;
	objects = {

/* Begin PBXBuildFile section */
		4EE23B825BB9BFE734E0F9EE /* Pods_YemekSepetiCloneTests.framework in Frameworks */ = {isa = PBXBuildFile; fileRef = 442536810DC2354592454B4B /* Pods_YemekSepetiCloneTests.framework */; };
		C3AC30AF28B8E70900A48290 /* SecondCategoryCollectionViewCell.swift in Sources */ = {isa = PBXBuildFile; fileRef = C3AC30AD28B8E70900A48290 /* SecondCategoryCollectionViewCell.swift */; };
		C3AC30B028B8E70900A48290 /* SecondCategoryCollectionViewCell.xib in Resources */ = {isa = PBXBuildFile; fileRef = C3AC30AE28B8E70900A48290 /* SecondCategoryCollectionViewCell.xib */; };
		C3B7FBE028B3A16B00ED070D /* NetworkError.swift in Sources */ = {isa = PBXBuildFile; fileRef = C3B7FBDF28B3A16B00ED070D /* NetworkError.swift */; };
		C3B7FBE228B3A94200ED070D /* ApiResponse.swift in Sources */ = {isa = PBXBuildFile; fileRef = C3B7FBE128B3A94200ED070D /* ApiResponse.swift */; };
		C3B7FBE628B3B55000ED070D /* AllDishes.swift in Sources */ = {isa = PBXBuildFile; fileRef = C3B7FBE528B3B55000ED070D /* AllDishes.swift */; };
		C3B8384928B56E3F0020A551 /* SlideOutTableViewCell.swift in Sources */ = {isa = PBXBuildFile; fileRef = C3B8384828B56E3F0020A551 /* SlideOutTableViewCell.swift */; };
		C3B8384B28B56FB40020A551 /* Slide.swift in Sources */ = {isa = PBXBuildFile; fileRef = C3B8384A28B56FB40020A551 /* Slide.swift */; };
		C3DAAB1C28B22467007D75DF /* DishDisplayCollectionViewCell.swift in Sources */ = {isa = PBXBuildFile; fileRef = C3DAAB1A28B22467007D75DF /* DishDisplayCollectionViewCell.swift */; };
		C3DAAB1D28B22467007D75DF /* DishDisplayCollectionViewCell.xib in Resources */ = {isa = PBXBuildFile; fileRef = C3DAAB1B28B22467007D75DF /* DishDisplayCollectionViewCell.xib */; };
		C3DAAB1F28B22758007D75DF /* DishModel.swift in Sources */ = {isa = PBXBuildFile; fileRef = C3DAAB1E28B22758007D75DF /* DishModel.swift */; };
		C3DAAB2728B27C9F007D75DF /* DetailsViewController.swift in Sources */ = {isa = PBXBuildFile; fileRef = C3DAAB2628B27C9F007D75DF /* DetailsViewController.swift */; };
		C3DAAB2928B27E1F007D75DF /* UIViewController.swift in Sources */ = {isa = PBXBuildFile; fileRef = C3DAAB2828B27E1F007D75DF /* UIViewController.swift */; };
		C3DAAB3128B28660007D75DF /* DishListTableViewCell.swift in Sources */ = {isa = PBXBuildFile; fileRef = C3DAAB2F28B28660007D75DF /* DishListTableViewCell.swift */; };
		C3DAAB3228B28660007D75DF /* DishListTableViewCell.xib in Resources */ = {isa = PBXBuildFile; fileRef = C3DAAB3028B28660007D75DF /* DishListTableViewCell.xib */; };
		C3DAAB3528B289DA007D75DF /* ListDishesViewController.swift in Sources */ = {isa = PBXBuildFile; fileRef = C3DAAB3428B289DA007D75DF /* ListDishesViewController.swift */; };
		C3DAAB3828B290CE007D75DF /* OrdersViewController.swift in Sources */ = {isa = PBXBuildFile; fileRef = C3DAAB3728B290CE007D75DF /* OrdersViewController.swift */; };
		C3DAAB3A28B291E8007D75DF /* Order.swift in Sources */ = {isa = PBXBuildFile; fileRef = C3DAAB3928B291E8007D75DF /* Order.swift */; };
		C3DAAB3D28B29C14007D75DF /* NetworkingService.swift in Sources */ = {isa = PBXBuildFile; fileRef = C3DAAB3C28B29C14007D75DF /* NetworkingService.swift */; };
		C3DAAB3F28B29D3B007D75DF /* Route.swift in Sources */ = {isa = PBXBuildFile; fileRef = C3DAAB3E28B29D3B007D75DF /* Route.swift */; };
		C3DAAB4128B29DC1007D75DF /* Method.swift in Sources */ = {isa = PBXBuildFile; fileRef = C3DAAB4028B29DC1007D75DF /* Method.swift */; };
		C3DBECE928AFFE3E00886091 /* AppDelegate.swift in Sources */ = {isa = PBXBuildFile; fileRef = C3DBECE828AFFE3E00886091 /* AppDelegate.swift */; };
		C3DBECEB28AFFE3E00886091 /* SceneDelegate.swift in Sources */ = {isa = PBXBuildFile; fileRef = C3DBECEA28AFFE3E00886091 /* SceneDelegate.swift */; };
		C3DBECF028AFFE3E00886091 /* Main.storyboard in Resources */ = {isa = PBXBuildFile; fileRef = C3DBECEE28AFFE3E00886091 /* Main.storyboard */; };
		C3DBECF228AFFE3F00886091 /* Assets.xcassets in Resources */ = {isa = PBXBuildFile; fileRef = C3DBECF128AFFE3F00886091 /* Assets.xcassets */; };
		C3DBECF528AFFE3F00886091 /* LaunchScreen.storyboard in Resources */ = {isa = PBXBuildFile; fileRef = C3DBECF328AFFE3F00886091 /* LaunchScreen.storyboard */; };
		C3DBED1D28B0011300886091 /* OnboardingViewController.swift in Sources */ = {isa = PBXBuildFile; fileRef = C3DBED1C28B0011300886091 /* OnboardingViewController.swift */; };
		C3DBED2028B0256500886091 /* UIView + Extension.swift in Sources */ = {isa = PBXBuildFile; fileRef = C3DBED1F28B0256500886091 /* UIView + Extension.swift */; };
		C3DBED2228B0295E00886091 /* OnboardingSlide.swift in Sources */ = {isa = PBXBuildFile; fileRef = C3DBED2128B0295E00886091 /* OnboardingSlide.swift */; };
		C3DBED2428B02D8100886091 /* OnboardingCollectionViewCell.swift in Sources */ = {isa = PBXBuildFile; fileRef = C3DBED2328B02D8100886091 /* OnboardingCollectionViewCell.swift */; };
		C3DBED2728B0417D00886091 /* HomeViewController.swift in Sources */ = {isa = PBXBuildFile; fileRef = C3DBED2628B0417D00886091 /* HomeViewController.swift */; };
		C3DBED2C28B0501E00886091 /* CategoryCollectionViewCell.swift in Sources */ = {isa = PBXBuildFile; fileRef = C3DBED2A28B0501D00886091 /* CategoryCollectionViewCell.swift */; };
		C3DBED2D28B0501E00886091 /* CategoryCollectionViewCell.xib in Resources */ = {isa = PBXBuildFile; fileRef = C3DBED2B28B0501E00886091 /* CategoryCollectionViewCell.xib */; };
		C3DBED2F28B0539500886091 /* DishCategory.swift in Sources */ = {isa = PBXBuildFile; fileRef = C3DBED2E28B0539500886091 /* DishCategory.swift */; };
		C3DBED3128B0557C00886091 /* String Extensions.swift in Sources */ = {isa = PBXBuildFile; fileRef = C3DBED3028B0557C00886091 /* String Extensions.swift */; };
		C3DBED3428B05B1300886091 /* CardView.swift in Sources */ = {isa = PBXBuildFile; fileRef = C3DBED3328B05B1300886091 /* CardView.swift */; };
		C3E2783B28B7F74B00AAAEA8 /* GoogleService-Info.plist in Resources */ = {isa = PBXBuildFile; fileRef = C3E2783A28B7F74B00AAAEA8 /* GoogleService-Info.plist */; };
		C3E2783D28B8313400AAAEA8 /* SecondMain.swift in Sources */ = {isa = PBXBuildFile; fileRef = C3E2783C28B8313400AAAEA8 /* SecondMain.swift */; };
		C3E2784228B8366500AAAEA8 /* OfferCollectionViewCell.swift in Sources */ = {isa = PBXBuildFile; fileRef = C3E2784028B8366500AAAEA8 /* OfferCollectionViewCell.swift */; };
		C3E2784328B8366500AAAEA8 /* OfferCollectionViewCell.xib in Resources */ = {isa = PBXBuildFile; fileRef = C3E2784128B8366500AAAEA8 /* OfferCollectionViewCell.xib */; };
		CC4A6AF0BC79A0CA072A05E7 /* Pods_YemekSepetiClone_YemekSepetiCloneUITests.framework in Frameworks */ = {isa = PBXBuildFile; fileRef = FA99A16730D83C40C6AED111 /* Pods_YemekSepetiClone_YemekSepetiCloneUITests.framework */; };
		DF244CE119450087CBDBA347 /* Pods_YemekSepetiClone.framework in Frameworks */ = {isa = PBXBuildFile; fileRef = 13D99E3FA5FB5E516313172C /* Pods_YemekSepetiClone.framework */; };
/* End PBXBuildFile section */

/* Begin PBXContainerItemProxy section */
		C3DBECFC28AFFE3F00886091 /* PBXContainerItemProxy */ = {
			isa = PBXContainerItemProxy;
			containerPortal = C3DBECDD28AFFE3E00886091 /* Project object */;
			proxyType = 1;
			remoteGlobalIDString = C3DBECE428AFFE3E00886091;
			remoteInfo = YemekSepetiClone;
		};
		C3DBED0628AFFE3F00886091 /* PBXContainerItemProxy */ = {
			isa = PBXContainerItemProxy;
			containerPortal = C3DBECDD28AFFE3E00886091 /* Project object */;
			proxyType = 1;
			remoteGlobalIDString = C3DBECE428AFFE3E00886091;
			remoteInfo = YemekSepetiClone;
		};
/* End PBXContainerItemProxy section */

/* Begin PBXFileReference section */
		13D99E3FA5FB5E516313172C /* Pods_YemekSepetiClone.framework */ = {isa = PBXFileReference; explicitFileType = wrapper.framework; includeInIndex = 0; path = Pods_YemekSepetiClone.framework; sourceTree = BUILT_PRODUCTS_DIR; };
		2C3824EEBD9D3A7AF4EB2C02 /* Pods-YemekSepetiCloneTests.release.xcconfig */ = {isa = PBXFileReference; includeInIndex = 1; lastKnownFileType = text.xcconfig; name = "Pods-YemekSepetiCloneTests.release.xcconfig"; path = "Target Support Files/Pods-YemekSepetiCloneTests/Pods-YemekSepetiCloneTests.release.xcconfig"; sourceTree = "<group>"; };
		442536810DC2354592454B4B /* Pods_YemekSepetiCloneTests.framework */ = {isa = PBXFileReference; explicitFileType = wrapper.framework; includeInIndex = 0; path = Pods_YemekSepetiCloneTests.framework; sourceTree = BUILT_PRODUCTS_DIR; };
		74E8CADCD3C53FC0AE537651 /* Pods-YemekSepetiClone-YemekSepetiCloneUITests.release.xcconfig */ = {isa = PBXFileReference; includeInIndex = 1; lastKnownFileType = text.xcconfig; name = "Pods-YemekSepetiClone-YemekSepetiCloneUITests.release.xcconfig"; path = "Target Support Files/Pods-YemekSepetiClone-YemekSepetiCloneUITests/Pods-YemekSepetiClone-YemekSepetiCloneUITests.release.xcconfig"; sourceTree = "<group>"; };
		B83CFC0B4AAFB34276604B28 /* Pods-YemekSepetiClone-YemekSepetiCloneUITests.debug.xcconfig */ = {isa = PBXFileReference; includeInIndex = 1; lastKnownFileType = text.xcconfig; name = "Pods-YemekSepetiClone-YemekSepetiCloneUITests.debug.xcconfig"; path = "Target Support Files/Pods-YemekSepetiClone-YemekSepetiCloneUITests/Pods-YemekSepetiClone-YemekSepetiCloneUITests.debug.xcconfig"; sourceTree = "<group>"; };
		C3AC30AD28B8E70900A48290 /* SecondCategoryCollectionViewCell.swift */ = {isa = PBXFileReference; lastKnownFileType = sourcecode.swift; path = SecondCategoryCollectionViewCell.swift; sourceTree = "<group>"; };
		C3AC30AE28B8E70900A48290 /* SecondCategoryCollectionViewCell.xib */ = {isa = PBXFileReference; lastKnownFileType = file.xib; path = SecondCategoryCollectionViewCell.xib; sourceTree = "<group>"; };
		C3B7FBDF28B3A16B00ED070D /* NetworkError.swift */ = {isa = PBXFileReference; lastKnownFileType = sourcecode.swift; path = NetworkError.swift; sourceTree = "<group>"; };
		C3B7FBE128B3A94200ED070D /* ApiResponse.swift */ = {isa = PBXFileReference; lastKnownFileType = sourcecode.swift; path = ApiResponse.swift; sourceTree = "<group>"; };
		C3B7FBE528B3B55000ED070D /* AllDishes.swift */ = {isa = PBXFileReference; lastKnownFileType = sourcecode.swift; path = AllDishes.swift; sourceTree = "<group>"; };
		C3B8384828B56E3F0020A551 /* SlideOutTableViewCell.swift */ = {isa = PBXFileReference; lastKnownFileType = sourcecode.swift; path = SlideOutTableViewCell.swift; sourceTree = "<group>"; };
		C3B8384A28B56FB40020A551 /* Slide.swift */ = {isa = PBXFileReference; lastKnownFileType = sourcecode.swift; path = Slide.swift; sourceTree = "<group>"; };
		C3DAAB1A28B22467007D75DF /* DishDisplayCollectionViewCell.swift */ = {isa = PBXFileReference; lastKnownFileType = sourcecode.swift; path = DishDisplayCollectionViewCell.swift; sourceTree = "<group>"; };
		C3DAAB1B28B22467007D75DF /* DishDisplayCollectionViewCell.xib */ = {isa = PBXFileReference; lastKnownFileType = file.xib; path = DishDisplayCollectionViewCell.xib; sourceTree = "<group>"; };
		C3DAAB1E28B22758007D75DF /* DishModel.swift */ = {isa = PBXFileReference; lastKnownFileType = sourcecode.swift; path = DishModel.swift; sourceTree = "<group>"; };
		C3DAAB2628B27C9F007D75DF /* DetailsViewController.swift */ = {isa = PBXFileReference; lastKnownFileType = sourcecode.swift; path = DetailsViewController.swift; sourceTree = "<group>"; };
		C3DAAB2828B27E1F007D75DF /* UIViewController.swift */ = {isa = PBXFileReference; lastKnownFileType = sourcecode.swift; path = UIViewController.swift; sourceTree = "<group>"; };
		C3DAAB2F28B28660007D75DF /* DishListTableViewCell.swift */ = {isa = PBXFileReference; lastKnownFileType = sourcecode.swift; path = DishListTableViewCell.swift; sourceTree = "<group>"; };
		C3DAAB3028B28660007D75DF /* DishListTableViewCell.xib */ = {isa = PBXFileReference; lastKnownFileType = file.xib; path = DishListTableViewCell.xib; sourceTree = "<group>"; };
		C3DAAB3428B289DA007D75DF /* ListDishesViewController.swift */ = {isa = PBXFileReference; lastKnownFileType = sourcecode.swift; path = ListDishesViewController.swift; sourceTree = "<group>"; };
		C3DAAB3728B290CE007D75DF /* OrdersViewController.swift */ = {isa = PBXFileReference; lastKnownFileType = sourcecode.swift; path = OrdersViewController.swift; sourceTree = "<group>"; };
		C3DAAB3928B291E8007D75DF /* Order.swift */ = {isa = PBXFileReference; lastKnownFileType = sourcecode.swift; path = Order.swift; sourceTree = "<group>"; };
		C3DAAB3C28B29C14007D75DF /* NetworkingService.swift */ = {isa = PBXFileReference; lastKnownFileType = sourcecode.swift; path = NetworkingService.swift; sourceTree = "<group>"; };
		C3DAAB3E28B29D3B007D75DF /* Route.swift */ = {isa = PBXFileReference; lastKnownFileType = sourcecode.swift; path = Route.swift; sourceTree = "<group>"; };
		C3DAAB4028B29DC1007D75DF /* Method.swift */ = {isa = PBXFileReference; lastKnownFileType = sourcecode.swift; path = Method.swift; sourceTree = "<group>"; };
		C3DBECE528AFFE3E00886091 /* YemekSepetiClone.app */ = {isa = PBXFileReference; explicitFileType = wrapper.application; includeInIndex = 0; path = YemekSepetiClone.app; sourceTree = BUILT_PRODUCTS_DIR; };
		C3DBECE828AFFE3E00886091 /* AppDelegate.swift */ = {isa = PBXFileReference; lastKnownFileType = sourcecode.swift; path = AppDelegate.swift; sourceTree = "<group>"; };
		C3DBECEA28AFFE3E00886091 /* SceneDelegate.swift */ = {isa = PBXFileReference; lastKnownFileType = sourcecode.swift; path = SceneDelegate.swift; sourceTree = "<group>"; };
		C3DBECEF28AFFE3E00886091 /* Base */ = {isa = PBXFileReference; lastKnownFileType = file.storyboard; name = Base; path = Base.lproj/Main.storyboard; sourceTree = "<group>"; };
		C3DBECF128AFFE3F00886091 /* Assets.xcassets */ = {isa = PBXFileReference; lastKnownFileType = folder.assetcatalog; path = Assets.xcassets; sourceTree = "<group>"; };
		C3DBECF428AFFE3F00886091 /* Base */ = {isa = PBXFileReference; lastKnownFileType = file.storyboard; name = Base; path = Base.lproj/LaunchScreen.storyboard; sourceTree = "<group>"; };
		C3DBECF628AFFE3F00886091 /* Info.plist */ = {isa = PBXFileReference; lastKnownFileType = text.plist.xml; path = Info.plist; sourceTree = "<group>"; };
		C3DBECFB28AFFE3F00886091 /* YemekSepetiCloneTests.xctest */ = {isa = PBXFileReference; explicitFileType = wrapper.cfbundle; includeInIndex = 0; path = YemekSepetiCloneTests.xctest; sourceTree = BUILT_PRODUCTS_DIR; };
		C3DBED0528AFFE3F00886091 /* YemekSepetiCloneUITests.xctest */ = {isa = PBXFileReference; explicitFileType = wrapper.cfbundle; includeInIndex = 0; path = YemekSepetiCloneUITests.xctest; sourceTree = BUILT_PRODUCTS_DIR; };
		C3DBED1C28B0011300886091 /* OnboardingViewController.swift */ = {isa = PBXFileReference; lastKnownFileType = sourcecode.swift; path = OnboardingViewController.swift; sourceTree = "<group>"; };
		C3DBED1F28B0256500886091 /* UIView + Extension.swift */ = {isa = PBXFileReference; lastKnownFileType = sourcecode.swift; path = "UIView + Extension.swift"; sourceTree = "<group>"; };
		C3DBED2128B0295E00886091 /* OnboardingSlide.swift */ = {isa = PBXFileReference; lastKnownFileType = sourcecode.swift; path = OnboardingSlide.swift; sourceTree = "<group>"; };
		C3DBED2328B02D8100886091 /* OnboardingCollectionViewCell.swift */ = {isa = PBXFileReference; lastKnownFileType = sourcecode.swift; path = OnboardingCollectionViewCell.swift; sourceTree = "<group>"; };
		C3DBED2628B0417D00886091 /* HomeViewController.swift */ = {isa = PBXFileReference; lastKnownFileType = sourcecode.swift; path = HomeViewController.swift; sourceTree = "<group>"; };
		C3DBED2A28B0501D00886091 /* CategoryCollectionViewCell.swift */ = {isa = PBXFileReference; lastKnownFileType = sourcecode.swift; path = CategoryCollectionViewCell.swift; sourceTree = "<group>"; };
		C3DBED2B28B0501E00886091 /* CategoryCollectionViewCell.xib */ = {isa = PBXFileReference; lastKnownFileType = file.xib; path = CategoryCollectionViewCell.xib; sourceTree = "<group>"; };
		C3DBED2E28B0539500886091 /* DishCategory.swift */ = {isa = PBXFileReference; lastKnownFileType = sourcecode.swift; path = DishCategory.swift; sourceTree = "<group>"; };
		C3DBED3028B0557C00886091 /* String Extensions.swift */ = {isa = PBXFileReference; lastKnownFileType = sourcecode.swift; path = "String Extensions.swift"; sourceTree = "<group>"; };
		C3DBED3328B05B1300886091 /* CardView.swift */ = {isa = PBXFileReference; lastKnownFileType = sourcecode.swift; path = CardView.swift; sourceTree = "<group>"; };
		C3E2783A28B7F74B00AAAEA8 /* GoogleService-Info.plist */ = {isa = PBXFileReference; fileEncoding = 4; lastKnownFileType = text.plist.xml; path = "GoogleService-Info.plist"; sourceTree = "<group>"; };
		C3E2783C28B8313400AAAEA8 /* SecondMain.swift */ = {isa = PBXFileReference; lastKnownFileType = sourcecode.swift; path = SecondMain.swift; sourceTree = "<group>"; };
		C3E2784028B8366500AAAEA8 /* OfferCollectionViewCell.swift */ = {isa = PBXFileReference; lastKnownFileType = sourcecode.swift; path = OfferCollectionViewCell.swift; sourceTree = "<group>"; };
		C3E2784128B8366500AAAEA8 /* OfferCollectionViewCell.xib */ = {isa = PBXFileReference; lastKnownFileType = file.xib; path = OfferCollectionViewCell.xib; sourceTree = "<group>"; };
		D24E9F313D19988CDAEA0513 /* Pods-YemekSepetiCloneTests.debug.xcconfig */ = {isa = PBXFileReference; includeInIndex = 1; lastKnownFileType = text.xcconfig; name = "Pods-YemekSepetiCloneTests.debug.xcconfig"; path = "Target Support Files/Pods-YemekSepetiCloneTests/Pods-YemekSepetiCloneTests.debug.xcconfig"; sourceTree = "<group>"; };
		DA94554E3A0E63383FFF55A5 /* Pods-YemekSepetiClone.debug.xcconfig */ = {isa = PBXFileReference; includeInIndex = 1; lastKnownFileType = text.xcconfig; name = "Pods-YemekSepetiClone.debug.xcconfig"; path = "Target Support Files/Pods-YemekSepetiClone/Pods-YemekSepetiClone.debug.xcconfig"; sourceTree = "<group>"; };
		E42D865ECDFC7AB7E23EA767 /* Pods-YemekSepetiClone.release.xcconfig */ = {isa = PBXFileReference; includeInIndex = 1; lastKnownFileType = text.xcconfig; name = "Pods-YemekSepetiClone.release.xcconfig"; path = "Target Support Files/Pods-YemekSepetiClone/Pods-YemekSepetiClone.release.xcconfig"; sourceTree = "<group>"; };
		FA99A16730D83C40C6AED111 /* Pods_YemekSepetiClone_YemekSepetiCloneUITests.framework */ = {isa = PBXFileReference; explicitFileType = wrapper.framework; includeInIndex = 0; path = Pods_YemekSepetiClone_YemekSepetiCloneUITests.framework; sourceTree = BUILT_PRODUCTS_DIR; };
/* End PBXFileReference section */

/* Begin PBXFrameworksBuildPhase section */
		C3DBECE228AFFE3E00886091 /* Frameworks */ = {
			isa = PBXFrameworksBuildPhase;
			buildActionMask = 2147483647;
			files = (
				DF244CE119450087CBDBA347 /* Pods_YemekSepetiClone.framework in Frameworks */,
			);
			runOnlyForDeploymentPostprocessing = 0;
		};
		C3DBECF828AFFE3F00886091 /* Frameworks */ = {
			isa = PBXFrameworksBuildPhase;
			buildActionMask = 2147483647;
			files = (
				4EE23B825BB9BFE734E0F9EE /* Pods_YemekSepetiCloneTests.framework in Frameworks */,
			);
			runOnlyForDeploymentPostprocessing = 0;
		};
		C3DBED0228AFFE3F00886091 /* Frameworks */ = {
			isa = PBXFrameworksBuildPhase;
			buildActionMask = 2147483647;
			files = (
				CC4A6AF0BC79A0CA072A05E7 /* Pods_YemekSepetiClone_YemekSepetiCloneUITests.framework in Frameworks */,
			);
			runOnlyForDeploymentPostprocessing = 0;
		};
/* End PBXFrameworksBuildPhase section */

/* Begin PBXGroup section */
		039FE3A6A52126298A1C1B87 /* Frameworks */ = {
			isa = PBXGroup;
			children = (
				13D99E3FA5FB5E516313172C /* Pods_YemekSepetiClone.framework */,
				FA99A16730D83C40C6AED111 /* Pods_YemekSepetiClone_YemekSepetiCloneUITests.framework */,
				442536810DC2354592454B4B /* Pods_YemekSepetiCloneTests.framework */,
			);
			name = Frameworks;
			sourceTree = "<group>";
		};
		0A5B7A7FB41DF54946B0D256 /* Pods */ = {
			isa = PBXGroup;
			children = (
				DA94554E3A0E63383FFF55A5 /* Pods-YemekSepetiClone.debug.xcconfig */,
				E42D865ECDFC7AB7E23EA767 /* Pods-YemekSepetiClone.release.xcconfig */,
				B83CFC0B4AAFB34276604B28 /* Pods-YemekSepetiClone-YemekSepetiCloneUITests.debug.xcconfig */,
				74E8CADCD3C53FC0AE537651 /* Pods-YemekSepetiClone-YemekSepetiCloneUITests.release.xcconfig */,
				D24E9F313D19988CDAEA0513 /* Pods-YemekSepetiCloneTests.debug.xcconfig */,
				2C3824EEBD9D3A7AF4EB2C02 /* Pods-YemekSepetiCloneTests.release.xcconfig */,
			);
			path = Pods;
			sourceTree = "<group>";
		};
		C3AC30AC28B8E6D700A48290 /* SecondMainCategory */ = {
			isa = PBXGroup;
			children = (
				C3AC30AD28B8E70900A48290 /* SecondCategoryCollectionViewCell.swift */,
				C3AC30AE28B8E70900A48290 /* SecondCategoryCollectionViewCell.xib */,
			);
			path = SecondMainCategory;
			sourceTree = "<group>";
		};
		C3B8384528B56DA10020A551 /* SlideOut */ = {
			isa = PBXGroup;
			children = (
				C3B8384828B56E3F0020A551 /* SlideOutTableViewCell.swift */,
			);
			path = SlideOut;
			sourceTree = "<group>";
		};
		C3DAAB1728B223E5007D75DF /* DishDisplayCollectionCell */ = {
			isa = PBXGroup;
			children = (
				C3DAAB1A28B22467007D75DF /* DishDisplayCollectionViewCell.swift */,
				C3DAAB1B28B22467007D75DF /* DishDisplayCollectionViewCell.xib */,
			);
			path = DishDisplayCollectionCell;
			sourceTree = "<group>";
		};
		C3DAAB2528B27C46007D75DF /* Detail */ = {
			isa = PBXGroup;
			children = (
				C3DAAB2628B27C9F007D75DF /* DetailsViewController.swift */,
			);
			path = Detail;
			sourceTree = "<group>";
		};
		C3DAAB2B28B285E2007D75DF /* TableViewCells */ = {
			isa = PBXGroup;
			children = (
				C3B8384528B56DA10020A551 /* SlideOut */,
				C3DAAB2C28B285EE007D75DF /* DishListTableViewCells */,
			);
			path = TableViewCells;
			sourceTree = "<group>";
		};
		C3DAAB2C28B285EE007D75DF /* DishListTableViewCells */ = {
			isa = PBXGroup;
			children = (
				C3DAAB2F28B28660007D75DF /* DishListTableViewCell.swift */,
				C3DAAB3028B28660007D75DF /* DishListTableViewCell.xib */,
			);
			path = DishListTableViewCells;
			sourceTree = "<group>";
		};
		C3DAAB3328B289B1007D75DF /* ListDishes */ = {
			isa = PBXGroup;
			children = (
				C3DAAB3428B289DA007D75DF /* ListDishesViewController.swift */,
			);
			path = ListDishes;
			sourceTree = "<group>";
		};
		C3DAAB3628B290AF007D75DF /* Orders */ = {
			isa = PBXGroup;
			children = (
				C3DAAB3728B290CE007D75DF /* OrdersViewController.swift */,
			);
			path = Orders;
			sourceTree = "<group>";
		};
		C3DAAB3B28B29B76007D75DF /* Network */ = {
			isa = PBXGroup;
			children = (
				C3DAAB3C28B29C14007D75DF /* NetworkingService.swift */,
				C3B7FBDF28B3A16B00ED070D /* NetworkError.swift */,
				C3DAAB3E28B29D3B007D75DF /* Route.swift */,
				C3DAAB4028B29DC1007D75DF /* Method.swift */,
				C3B7FBE128B3A94200ED070D /* ApiResponse.swift */,
			);
			path = Network;
			sourceTree = "<group>";
		};
		C3DBECDC28AFFE3E00886091 = {
			isa = PBXGroup;
			children = (
				C3DBECE728AFFE3E00886091 /* YemekSepetiClone */,
				C3DBECE628AFFE3E00886091 /* Products */,
				0A5B7A7FB41DF54946B0D256 /* Pods */,
				039FE3A6A52126298A1C1B87 /* Frameworks */,
			);
			sourceTree = "<group>";
		};
		C3DBECE628AFFE3E00886091 /* Products */ = {
			isa = PBXGroup;
			children = (
				C3DBECE528AFFE3E00886091 /* YemekSepetiClone.app */,
				C3DBECFB28AFFE3F00886091 /* YemekSepetiCloneTests.xctest */,
				C3DBED0528AFFE3F00886091 /* YemekSepetiCloneUITests.xctest */,
			);
			name = Products;
			sourceTree = "<group>";
		};
		C3DBECE728AFFE3E00886091 /* YemekSepetiClone */ = {
			isa = PBXGroup;
			children = (
				C3DAAB3B28B29B76007D75DF /* Network */,
				C3DBED1E28B0252900886091 /* Extensions */,
				C3DBED1A28B0008B00886091 /* CustomViews */,
				C3DBED1928B0007C00886091 /* Views */,
				C3DBED1828B0007100886091 /* Models */,
				C3DBECE828AFFE3E00886091 /* AppDelegate.swift */,
				C3DBECEA28AFFE3E00886091 /* SceneDelegate.swift */,
				C3DBECEE28AFFE3E00886091 /* Main.storyboard */,
				C3DBECF128AFFE3F00886091 /* Assets.xcassets */,
				C3DBECF328AFFE3F00886091 /* LaunchScreen.storyboard */,
				C3DBECF628AFFE3F00886091 /* Info.plist */,
				C3E2783A28B7F74B00AAAEA8 /* GoogleService-Info.plist */,
			);
			path = YemekSepetiClone;
			sourceTree = "<group>";
		};
		C3DBED1828B0007100886091 /* Models */ = {
			isa = PBXGroup;
			children = (
				C3B8384A28B56FB40020A551 /* Slide.swift */,
				C3DBED2128B0295E00886091 /* OnboardingSlide.swift */,
				C3DBED2E28B0539500886091 /* DishCategory.swift */,
				C3DAAB1E28B22758007D75DF /* DishModel.swift */,
				C3DAAB3928B291E8007D75DF /* Order.swift */,
				C3B7FBE528B3B55000ED070D /* AllDishes.swift */,
			);
			path = Models;
			sourceTree = "<group>";
		};
		C3DBED1928B0007C00886091 /* Views */ = {
			isa = PBXGroup;
			children = (
				C3E2783328B7C92A00AAAEA8 /* SecondMainVC */,
				C3DAAB3628B290AF007D75DF /* Orders */,
				C3DAAB3328B289B1007D75DF /* ListDishes */,
				C3DAAB2528B27C46007D75DF /* Detail */,
				C3DBED2528B0416400886091 /* Home */,
				C3DBED1B28B000E800886091 /* Onboarding */,
			);
			path = Views;
			sourceTree = "<group>";
		};
		C3DBED1A28B0008B00886091 /* CustomViews */ = {
			isa = PBXGroup;
			children = (
				C3DAAB2B28B285E2007D75DF /* TableViewCells */,
				C3DBED3228B05AFC00886091 /* CardView */,
				C3DBED2828B04FE000886091 /* CollectionViewCells */,
			);
			path = CustomViews;
			sourceTree = "<group>";
		};
		C3DBED1B28B000E800886091 /* Onboarding */ = {
			isa = PBXGroup;
			children = (
				C3DBED1C28B0011300886091 /* OnboardingViewController.swift */,
				C3DBED2328B02D8100886091 /* OnboardingCollectionViewCell.swift */,
			);
			path = Onboarding;
			sourceTree = "<group>";
		};
		C3DBED1E28B0252900886091 /* Extensions */ = {
			isa = PBXGroup;
			children = (
				C3DBED1F28B0256500886091 /* UIView + Extension.swift */,
				C3DBED3028B0557C00886091 /* String Extensions.swift */,
				C3DAAB2828B27E1F007D75DF /* UIViewController.swift */,
			);
			path = Extensions;
			sourceTree = "<group>";
		};
		C3DBED2528B0416400886091 /* Home */ = {
			isa = PBXGroup;
			children = (
				C3DBED2628B0417D00886091 /* HomeViewController.swift */,
			);
			path = Home;
			sourceTree = "<group>";
		};
		C3DBED2828B04FE000886091 /* CollectionViewCells */ = {
			isa = PBXGroup;
			children = (
				C3AC30AC28B8E6D700A48290 /* SecondMainCategory */,
				C3E2783F28B8365400AAAEA8 /* Offer */,
				C3DAAB1728B223E5007D75DF /* DishDisplayCollectionCell */,
				C3DBED2928B04FEC00886091 /* CategoryCollectionViewcell */,
			);
			path = CollectionViewCells;
			sourceTree = "<group>";
		};
		C3DBED2928B04FEC00886091 /* CategoryCollectionViewcell */ = {
			isa = PBXGroup;
			children = (
				C3DBED2A28B0501D00886091 /* CategoryCollectionViewCell.swift */,
				C3DBED2B28B0501E00886091 /* CategoryCollectionViewCell.xib */,
			);
			path = CategoryCollectionViewcell;
			sourceTree = "<group>";
		};
		C3DBED3228B05AFC00886091 /* CardView */ = {
			isa = PBXGroup;
			children = (
				C3DBED3328B05B1300886091 /* CardView.swift */,
			);
			path = CardView;
			sourceTree = "<group>";
		};
		C3E2783328B7C92A00AAAEA8 /* SecondMainVC */ = {
			isa = PBXGroup;
			children = (
				C3E2783C28B8313400AAAEA8 /* SecondMain.swift */,
			);
			path = SecondMainVC;
			sourceTree = "<group>";
		};
		C3E2783F28B8365400AAAEA8 /* Offer */ = {
			isa = PBXGroup;
			children = (
				C3E2784028B8366500AAAEA8 /* OfferCollectionViewCell.swift */,
				C3E2784128B8366500AAAEA8 /* OfferCollectionViewCell.xib */,
			);
			path = Offer;
			sourceTree = "<group>";
		};
/* End PBXGroup section */

/* Begin PBXNativeTarget section */
		C3DBECE428AFFE3E00886091 /* YemekSepetiClone */ = {
			isa = PBXNativeTarget;
			buildConfigurationList = C3DBED0F28AFFE3F00886091 /* Build configuration list for PBXNativeTarget "YemekSepetiClone" */;
			buildPhases = (
				36EF4830C2AFCE93A2BE6C19 /* [CP] Check Pods Manifest.lock */,
				C3DBECE128AFFE3E00886091 /* Sources */,
				C3DBECE228AFFE3E00886091 /* Frameworks */,
				C3DBECE328AFFE3E00886091 /* Resources */,
				863A2D5BA079A78E87560C9E /* [CP] Embed Pods Frameworks */,
			);
			buildRules = (
			);
			dependencies = (
			);
			name = YemekSepetiClone;
			productName = YemekSepetiClone;
			productReference = C3DBECE528AFFE3E00886091 /* YemekSepetiClone.app */;
			productType = "com.apple.product-type.application";
		};
		C3DBECFA28AFFE3F00886091 /* YemekSepetiCloneTests */ = {
			isa = PBXNativeTarget;
			buildConfigurationList = C3DBED1228AFFE3F00886091 /* Build configuration list for PBXNativeTarget "YemekSepetiCloneTests" */;
			buildPhases = (
				5F512A79C10EF4BC2D2AD35F /* [CP] Check Pods Manifest.lock */,
				C3DBECF728AFFE3F00886091 /* Sources */,
				C3DBECF828AFFE3F00886091 /* Frameworks */,
				C3DBECF928AFFE3F00886091 /* Resources */,
			);
			buildRules = (
			);
			dependencies = (
				C3DBECFD28AFFE3F00886091 /* PBXTargetDependency */,
			);
			name = YemekSepetiCloneTests;
			productName = YemekSepetiCloneTests;
			productReference = C3DBECFB28AFFE3F00886091 /* YemekSepetiCloneTests.xctest */;
			productType = "com.apple.product-type.bundle.unit-test";
		};
		C3DBED0428AFFE3F00886091 /* YemekSepetiCloneUITests */ = {
			isa = PBXNativeTarget;
			buildConfigurationList = C3DBED1528AFFE3F00886091 /* Build configuration list for PBXNativeTarget "YemekSepetiCloneUITests" */;
			buildPhases = (
				54FD3E71C967251C203499A6 /* [CP] Check Pods Manifest.lock */,
				C3DBED0128AFFE3F00886091 /* Sources */,
				C3DBED0228AFFE3F00886091 /* Frameworks */,
				C3DBED0328AFFE3F00886091 /* Resources */,
				DBD92FC11520D6C9EEFFF867 /* [CP] Embed Pods Frameworks */,
			);
			buildRules = (
			);
			dependencies = (
				C3DBED0728AFFE3F00886091 /* PBXTargetDependency */,
			);
			name = YemekSepetiCloneUITests;
			productName = YemekSepetiCloneUITests;
			productReference = C3DBED0528AFFE3F00886091 /* YemekSepetiCloneUITests.xctest */;
			productType = "com.apple.product-type.bundle.ui-testing";
		};
/* End PBXNativeTarget section */

/* Begin PBXProject section */
		C3DBECDD28AFFE3E00886091 /* Project object */ = {
			isa = PBXProject;
			attributes = {
				BuildIndependentTargetsInParallel = 1;
				LastSwiftUpdateCheck = 1340;
				LastUpgradeCheck = 1340;
				TargetAttributes = {
					C3DBECE428AFFE3E00886091 = {
						CreatedOnToolsVersion = 13.4.1;
					};
					C3DBECFA28AFFE3F00886091 = {
						CreatedOnToolsVersion = 13.4.1;
						TestTargetID = C3DBECE428AFFE3E00886091;
					};
					C3DBED0428AFFE3F00886091 = {
						CreatedOnToolsVersion = 13.4.1;
						TestTargetID = C3DBECE428AFFE3E00886091;
					};
				};
			};
			buildConfigurationList = C3DBECE028AFFE3E00886091 /* Build configuration list for PBXProject "YemekSepetiClone" */;
			compatibilityVersion = "Xcode 13.0";
			developmentRegion = en;
			hasScannedForEncodings = 0;
			knownRegions = (
				en,
				Base,
			);
			mainGroup = C3DBECDC28AFFE3E00886091;
			productRefGroup = C3DBECE628AFFE3E00886091 /* Products */;
			projectDirPath = "";
			projectRoot = "";
			targets = (
				C3DBECE428AFFE3E00886091 /* YemekSepetiClone */,
				C3DBECFA28AFFE3F00886091 /* YemekSepetiCloneTests */,
				C3DBED0428AFFE3F00886091 /* YemekSepetiCloneUITests */,
			);
		};
/* End PBXProject section */

/* Begin PBXResourcesBuildPhase section */
		C3DBECE328AFFE3E00886091 /* Resources */ = {
			isa = PBXResourcesBuildPhase;
			buildActionMask = 2147483647;
			files = (
				C3AC30B028B8E70900A48290 /* SecondCategoryCollectionViewCell.xib in Resources */,
				C3DAAB1D28B22467007D75DF /* DishDisplayCollectionViewCell.xib in Resources */,
				C3DAAB3228B28660007D75DF /* DishListTableViewCell.xib in Resources */,
				C3DBED2D28B0501E00886091 /* CategoryCollectionViewCell.xib in Resources */,
				C3DBECF528AFFE3F00886091 /* LaunchScreen.storyboard in Resources */,
				C3DBECF228AFFE3F00886091 /* Assets.xcassets in Resources */,
				C3E2784328B8366500AAAEA8 /* OfferCollectionViewCell.xib in Resources */,
				C3DBECF028AFFE3E00886091 /* Main.storyboard in Resources */,
				C3E2783B28B7F74B00AAAEA8 /* GoogleService-Info.plist in Resources */,
			);
			runOnlyForDeploymentPostprocessing = 0;
		};
		C3DBECF928AFFE3F00886091 /* Resources */ = {
			isa = PBXResourcesBuildPhase;
			buildActionMask = 2147483647;
			files = (
			);
			runOnlyForDeploymentPostprocessing = 0;
		};
		C3DBED0328AFFE3F00886091 /* Resources */ = {
			isa = PBXResourcesBuildPhase;
			buildActionMask = 2147483647;
			files = (
			);
			runOnlyForDeploymentPostprocessing = 0;
		};
/* End PBXResourcesBuildPhase section */

/* Begin PBXShellScriptBuildPhase section */
		36EF4830C2AFCE93A2BE6C19 /* [CP] Check Pods Manifest.lock */ = {
			isa = PBXShellScriptBuildPhase;
			buildActionMask = 2147483647;
			files = (
			);
			inputFileListPaths = (
			);
			inputPaths = (
				"${PODS_PODFILE_DIR_PATH}/Podfile.lock",
				"${PODS_ROOT}/Manifest.lock",
			);
			name = "[CP] Check Pods Manifest.lock";
			outputFileListPaths = (
			);
			outputPaths = (
				"$(DERIVED_FILE_DIR)/Pods-YemekSepetiClone-checkManifestLockResult.txt",
			);
			runOnlyForDeploymentPostprocessing = 0;
			shellPath = /bin/sh;
			shellScript = "diff \"${PODS_PODFILE_DIR_PATH}/Podfile.lock\" \"${PODS_ROOT}/Manifest.lock\" > /dev/null\nif [ $? != 0 ] ; then\n    # print error to STDERR\n    echo \"error: The sandbox is not in sync with the Podfile.lock. Run 'pod install' or update your CocoaPods installation.\" >&2\n    exit 1\nfi\n# This output is used by Xcode 'outputs' to avoid re-running this script phase.\necho \"SUCCESS\" > \"${SCRIPT_OUTPUT_FILE_0}\"\n";
			showEnvVarsInLog = 0;
		};
		54FD3E71C967251C203499A6 /* [CP] Check Pods Manifest.lock */ = {
			isa = PBXShellScriptBuildPhase;
			buildActionMask = 2147483647;
			files = (
			);
			inputFileListPaths = (
			);
			inputPaths = (
				"${PODS_PODFILE_DIR_PATH}/Podfile.lock",
				"${PODS_ROOT}/Manifest.lock",
			);
			name = "[CP] Check Pods Manifest.lock";
			outputFileListPaths = (
			);
			outputPaths = (
				"$(DERIVED_FILE_DIR)/Pods-YemekSepetiClone-YemekSepetiCloneUITests-checkManifestLockResult.txt",
			);
			runOnlyForDeploymentPostprocessing = 0;
			shellPath = /bin/sh;
			shellScript = "diff \"${PODS_PODFILE_DIR_PATH}/Podfile.lock\" \"${PODS_ROOT}/Manifest.lock\" > /dev/null\nif [ $? != 0 ] ; then\n    # print error to STDERR\n    echo \"error: The sandbox is not in sync with the Podfile.lock. Run 'pod install' or update your CocoaPods installation.\" >&2\n    exit 1\nfi\n# This output is used by Xcode 'outputs' to avoid re-running this script phase.\necho \"SUCCESS\" > \"${SCRIPT_OUTPUT_FILE_0}\"\n";
			showEnvVarsInLog = 0;
		};
		5F512A79C10EF4BC2D2AD35F /* [CP] Check Pods Manifest.lock */ = {
			isa = PBXShellScriptBuildPhase;
			buildActionMask = 2147483647;
			files = (
			);
			inputFileListPaths = (
			);
			inputPaths = (
				"${PODS_PODFILE_DIR_PATH}/Podfile.lock",
				"${PODS_ROOT}/Manifest.lock",
			);
			name = "[CP] Check Pods Manifest.lock";
			outputFileListPaths = (
			);
			outputPaths = (
				"$(DERIVED_FILE_DIR)/Pods-YemekSepetiCloneTests-checkManifestLockResult.txt",
			);
			runOnlyForDeploymentPostprocessing = 0;
			shellPath = /bin/sh;
			shellScript = "diff \"${PODS_PODFILE_DIR_PATH}/Podfile.lock\" \"${PODS_ROOT}/Manifest.lock\" > /dev/null\nif [ $? != 0 ] ; then\n    # print error to STDERR\n    echo \"error: The sandbox is not in sync with the Podfile.lock. Run 'pod install' or update your CocoaPods installation.\" >&2\n    exit 1\nfi\n# This output is used by Xcode 'outputs' to avoid re-running this script phase.\necho \"SUCCESS\" > \"${SCRIPT_OUTPUT_FILE_0}\"\n";
			showEnvVarsInLog = 0;
		};
		863A2D5BA079A78E87560C9E /* [CP] Embed Pods Frameworks */ = {
			isa = PBXShellScriptBuildPhase;
			buildActionMask = 2147483647;
			files = (
			);
			inputFileListPaths = (
				"${PODS_ROOT}/Target Support Files/Pods-YemekSepetiClone/Pods-YemekSepetiClone-frameworks-${CONFIGURATION}-input-files.xcfilelist",
			);
			name = "[CP] Embed Pods Frameworks";
			outputFileListPaths = (
				"${PODS_ROOT}/Target Support Files/Pods-YemekSepetiClone/Pods-YemekSepetiClone-frameworks-${CONFIGURATION}-output-files.xcfilelist",
			);
			runOnlyForDeploymentPostprocessing = 0;
			shellPath = /bin/sh;
			shellScript = "\"${PODS_ROOT}/Target Support Files/Pods-YemekSepetiClone/Pods-YemekSepetiClone-frameworks.sh\"\n";
			showEnvVarsInLog = 0;
		};
		DBD92FC11520D6C9EEFFF867 /* [CP] Embed Pods Frameworks */ = {
			isa = PBXShellScriptBuildPhase;
			buildActionMask = 2147483647;
			files = (
			);
			inputFileListPaths = (
				"${PODS_ROOT}/Target Support Files/Pods-YemekSepetiClone-YemekSepetiCloneUITests/Pods-YemekSepetiClone-YemekSepetiCloneUITests-frameworks-${CONFIGURATION}-input-files.xcfilelist",
			);
			name = "[CP] Embed Pods Frameworks";
			outputFileListPaths = (
				"${PODS_ROOT}/Target Support Files/Pods-YemekSepetiClone-YemekSepetiCloneUITests/Pods-YemekSepetiClone-YemekSepetiCloneUITests-frameworks-${CONFIGURATION}-output-files.xcfilelist",
			);
			runOnlyForDeploymentPostprocessing = 0;
			shellPath = /bin/sh;
			shellScript = "\"${PODS_ROOT}/Target Support Files/Pods-YemekSepetiClone-YemekSepetiCloneUITests/Pods-YemekSepetiClone-YemekSepetiCloneUITests-frameworks.sh\"\n";
			showEnvVarsInLog = 0;
		};
/* End PBXShellScriptBuildPhase section */

/* Begin PBXSourcesBuildPhase section */
		C3DBECE128AFFE3E00886091 /* Sources */ = {
			isa = PBXSourcesBuildPhase;
			buildActionMask = 2147483647;
			files = (
				C3E2784228B8366500AAAEA8 /* OfferCollectionViewCell.swift in Sources */,
				C3DAAB3128B28660007D75DF /* DishListTableViewCell.swift in Sources */,
				C3DBED2C28B0501E00886091 /* CategoryCollectionViewCell.swift in Sources */,
				C3DAAB3A28B291E8007D75DF /* Order.swift in Sources */,
				C3DBED2228B0295E00886091 /* OnboardingSlide.swift in Sources */,
				C3DBED2028B0256500886091 /* UIView + Extension.swift in Sources */,
				C3AC30AF28B8E70900A48290 /* SecondCategoryCollectionViewCell.swift in Sources */,
				C3DBECE928AFFE3E00886091 /* AppDelegate.swift in Sources */,
				C3DBECEB28AFFE3E00886091 /* SceneDelegate.swift in Sources */,
				C3B7FBE628B3B55000ED070D /* AllDishes.swift in Sources */,
				C3DBED3128B0557C00886091 /* String Extensions.swift in Sources */,
				C3DAAB4128B29DC1007D75DF /* Method.swift in Sources */,
				C3B7FBE028B3A16B00ED070D /* NetworkError.swift in Sources */,
				C3DBED1D28B0011300886091 /* OnboardingViewController.swift in Sources */,
				C3DBED2728B0417D00886091 /* HomeViewController.swift in Sources */,
				C3B7FBE228B3A94200ED070D /* ApiResponse.swift in Sources */,
				C3DBED2F28B0539500886091 /* DishCategory.swift in Sources */,
				C3DAAB3D28B29C14007D75DF /* NetworkingService.swift in Sources */,
				C3DAAB3F28B29D3B007D75DF /* Route.swift in Sources */,
				C3DAAB3828B290CE007D75DF /* OrdersViewController.swift in Sources */,
				C3B8384B28B56FB40020A551 /* Slide.swift in Sources */,
				C3DAAB1F28B22758007D75DF /* DishModel.swift in Sources */,
				C3DBED3428B05B1300886091 /* CardView.swift in Sources */,
				C3DBED2428B02D8100886091 /* OnboardingCollectionViewCell.swift in Sources */,
				C3DAAB3528B289DA007D75DF /* ListDishesViewController.swift in Sources */,
				C3DAAB1C28B22467007D75DF /* DishDisplayCollectionViewCell.swift in Sources */,
				C3DAAB2928B27E1F007D75DF /* UIViewController.swift in Sources */,
				C3B8384928B56E3F0020A551 /* SlideOutTableViewCell.swift in Sources */,
				C3DAAB2728B27C9F007D75DF /* DetailsViewController.swift in Sources */,
				C3E2783D28B8313400AAAEA8 /* SecondMain.swift in Sources */,
			);
			runOnlyForDeploymentPostprocessing = 0;
		};
		C3DBECF728AFFE3F00886091 /* Sources */ = {
			isa = PBXSourcesBuildPhase;
			buildActionMask = 2147483647;
			files = (
			);
			runOnlyForDeploymentPostprocessing = 0;
		};
		C3DBED0128AFFE3F00886091 /* Sources */ = {
			isa = PBXSourcesBuildPhase;
			buildActionMask = 2147483647;
			files = (
			);
			runOnlyForDeploymentPostprocessing = 0;
		};
/* End PBXSourcesBuildPhase section */

/* Begin PBXTargetDependency section */
		C3DBECFD28AFFE3F00886091 /* PBXTargetDependency */ = {
			isa = PBXTargetDependency;
			target = C3DBECE428AFFE3E00886091 /* YemekSepetiClone */;
			targetProxy = C3DBECFC28AFFE3F00886091 /* PBXContainerItemProxy */;
		};
		C3DBED0728AFFE3F00886091 /* PBXTargetDependency */ = {
			isa = PBXTargetDependency;
			target = C3DBECE428AFFE3E00886091 /* YemekSepetiClone */;
			targetProxy = C3DBED0628AFFE3F00886091 /* PBXContainerItemProxy */;
		};
/* End PBXTargetDependency section */

/* Begin PBXVariantGroup section */
		C3DBECEE28AFFE3E00886091 /* Main.storyboard */ = {
			isa = PBXVariantGroup;
			children = (
				C3DBECEF28AFFE3E00886091 /* Base */,
			);
			name = Main.storyboard;
			sourceTree = "<group>";
		};
		C3DBECF328AFFE3F00886091 /* LaunchScreen.storyboard */ = {
			isa = PBXVariantGroup;
			children = (
				C3DBECF428AFFE3F00886091 /* Base */,
			);
			name = LaunchScreen.storyboard;
			sourceTree = "<group>";
		};
/* End PBXVariantGroup section */

/* Begin XCBuildConfiguration section */
		C3DBED0D28AFFE3F00886091 /* Debug */ = {
			isa = XCBuildConfiguration;
			buildSettings = {
				ALWAYS_SEARCH_USER_PATHS = NO;
				CLANG_ANALYZER_NONNULL = YES;
				CLANG_ANALYZER_NUMBER_OBJECT_CONVERSION = YES_AGGRESSIVE;
				CLANG_CXX_LANGUAGE_STANDARD = "gnu++17";
				CLANG_ENABLE_MODULES = YES;
				CLANG_ENABLE_OBJC_ARC = YES;
				CLANG_ENABLE_OBJC_WEAK = YES;
				CLANG_WARN_BLOCK_CAPTURE_AUTORELEASING = YES;
				CLANG_WARN_BOOL_CONVERSION = YES;
				CLANG_WARN_COMMA = YES;
				CLANG_WARN_CONSTANT_CONVERSION = YES;
				CLANG_WARN_DEPRECATED_OBJC_IMPLEMENTATIONS = YES;
				CLANG_WARN_DIRECT_OBJC_ISA_USAGE = YES_ERROR;
				CLANG_WARN_DOCUMENTATION_COMMENTS = YES;
				CLANG_WARN_EMPTY_BODY = YES;
				CLANG_WARN_ENUM_CONVERSION = YES;
				CLANG_WARN_INFINITE_RECURSION = YES;
				CLANG_WARN_INT_CONVERSION = YES;
				CLANG_WARN_NON_LITERAL_NULL_CONVERSION = YES;
				CLANG_WARN_OBJC_IMPLICIT_RETAIN_SELF = YES;
				CLANG_WARN_OBJC_LITERAL_CONVERSION = YES;
				CLANG_WARN_OBJC_ROOT_CLASS = YES_ERROR;
				CLANG_WARN_QUOTED_INCLUDE_IN_FRAMEWORK_HEADER = YES;
				CLANG_WARN_RANGE_LOOP_ANALYSIS = YES;
				CLANG_WARN_STRICT_PROTOTYPES = YES;
				CLANG_WARN_SUSPICIOUS_MOVE = YES;
				CLANG_WARN_UNGUARDED_AVAILABILITY = YES_AGGRESSIVE;
				CLANG_WARN_UNREACHABLE_CODE = YES;
				CLANG_WARN__DUPLICATE_METHOD_MATCH = YES;
				COPY_PHASE_STRIP = NO;
				DEBUG_INFORMATION_FORMAT = dwarf;
				ENABLE_STRICT_OBJC_MSGSEND = YES;
				ENABLE_TESTABILITY = YES;
				GCC_C_LANGUAGE_STANDARD = gnu11;
				GCC_DYNAMIC_NO_PIC = NO;
				GCC_NO_COMMON_BLOCKS = YES;
				GCC_OPTIMIZATION_LEVEL = 0;
				GCC_PREPROCESSOR_DEFINITIONS = (
					"DEBUG=1",
					"$(inherited)",
				);
				GCC_WARN_64_TO_32_BIT_CONVERSION = YES;
				GCC_WARN_ABOUT_RETURN_TYPE = YES_ERROR;
				GCC_WARN_UNDECLARED_SELECTOR = YES;
				GCC_WARN_UNINITIALIZED_AUTOS = YES_AGGRESSIVE;
				GCC_WARN_UNUSED_FUNCTION = YES;
				GCC_WARN_UNUSED_VARIABLE = YES;
				IPHONEOS_DEPLOYMENT_TARGET = 15.5;
				MTL_ENABLE_DEBUG_INFO = INCLUDE_SOURCE;
				MTL_FAST_MATH = YES;
				ONLY_ACTIVE_ARCH = YES;
				SDKROOT = iphoneos;
				SWIFT_ACTIVE_COMPILATION_CONDITIONS = DEBUG;
				SWIFT_OPTIMIZATION_LEVEL = "-Onone";
			};
			name = Debug;
		};
		C3DBED0E28AFFE3F00886091 /* Release */ = {
			isa = XCBuildConfiguration;
			buildSettings = {
				ALWAYS_SEARCH_USER_PATHS = NO;
				CLANG_ANALYZER_NONNULL = YES;
				CLANG_ANALYZER_NUMBER_OBJECT_CONVERSION = YES_AGGRESSIVE;
				CLANG_CXX_LANGUAGE_STANDARD = "gnu++17";
				CLANG_ENABLE_MODULES = YES;
				CLANG_ENABLE_OBJC_ARC = YES;
				CLANG_ENABLE_OBJC_WEAK = YES;
				CLANG_WARN_BLOCK_CAPTURE_AUTORELEASING = YES;
				CLANG_WARN_BOOL_CONVERSION = YES;
				CLANG_WARN_COMMA = YES;
				CLANG_WARN_CONSTANT_CONVERSION = YES;
				CLANG_WARN_DEPRECATED_OBJC_IMPLEMENTATIONS = YES;
				CLANG_WARN_DIRECT_OBJC_ISA_USAGE = YES_ERROR;
				CLANG_WARN_DOCUMENTATION_COMMENTS = YES;
				CLANG_WARN_EMPTY_BODY = YES;
				CLANG_WARN_ENUM_CONVERSION = YES;
				CLANG_WARN_INFINITE_RECURSION = YES;
				CLANG_WARN_INT_CONVERSION = YES;
				CLANG_WARN_NON_LITERAL_NULL_CONVERSION = YES;
				CLANG_WARN_OBJC_IMPLICIT_RETAIN_SELF = YES;
				CLANG_WARN_OBJC_LITERAL_CONVERSION = YES;
				CLANG_WARN_OBJC_ROOT_CLASS = YES_ERROR;
				CLANG_WARN_QUOTED_INCLUDE_IN_FRAMEWORK_HEADER = YES;
				CLANG_WARN_RANGE_LOOP_ANALYSIS = YES;
				CLANG_WARN_STRICT_PROTOTYPES = YES;
				CLANG_WARN_SUSPICIOUS_MOVE = YES;
				CLANG_WARN_UNGUARDED_AVAILABILITY = YES_AGGRESSIVE;
				CLANG_WARN_UNREACHABLE_CODE = YES;
				CLANG_WARN__DUPLICATE_METHOD_MATCH = YES;
				COPY_PHASE_STRIP = NO;
				DEBUG_INFORMATION_FORMAT = "dwarf-with-dsym";
				ENABLE_NS_ASSERTIONS = NO;
				ENABLE_STRICT_OBJC_MSGSEND = YES;
				GCC_C_LANGUAGE_STANDARD = gnu11;
				GCC_NO_COMMON_BLOCKS = YES;
				GCC_WARN_64_TO_32_BIT_CONVERSION = YES;
				GCC_WARN_ABOUT_RETURN_TYPE = YES_ERROR;
				GCC_WARN_UNDECLARED_SELECTOR = YES;
				GCC_WARN_UNINITIALIZED_AUTOS = YES_AGGRESSIVE;
				GCC_WARN_UNUSED_FUNCTION = YES;
				GCC_WARN_UNUSED_VARIABLE = YES;
				IPHONEOS_DEPLOYMENT_TARGET = 15.5;
				MTL_ENABLE_DEBUG_INFO = NO;
				MTL_FAST_MATH = YES;
				SDKROOT = iphoneos;
				SWIFT_COMPILATION_MODE = wholemodule;
				SWIFT_OPTIMIZATION_LEVEL = "-O";
				VALIDATE_PRODUCT = YES;
			};
			name = Release;
		};
		C3DBED1028AFFE3F00886091 /* Debug */ = {
			isa = XCBuildConfiguration;
			baseConfigurationReference = DA94554E3A0E63383FFF55A5 /* Pods-YemekSepetiClone.debug.xcconfig */;
			buildSettings = {
				ASSETCATALOG_COMPILER_APPICON_NAME = AppIcon;
				ASSETCATALOG_COMPILER_GLOBAL_ACCENT_COLOR_NAME = AccentColor;
				CODE_SIGN_STYLE = Automatic;
				CURRENT_PROJECT_VERSION = 1;
				DEVELOPMENT_TEAM = GZZP766Y22;
				GENERATE_INFOPLIST_FILE = YES;
				INFOPLIST_FILE = YemekSepetiClone/Info.plist;
				INFOPLIST_KEY_CFBundleDisplayName = FooDelivery;
				INFOPLIST_KEY_UIApplicationSupportsIndirectInputEvents = YES;
				INFOPLIST_KEY_UILaunchStoryboardName = LaunchScreen;
				INFOPLIST_KEY_UIMainStoryboardFile = Main;
				INFOPLIST_KEY_UISupportedInterfaceOrientations_iPad = "UIInterfaceOrientationPortrait UIInterfaceOrientationPortraitUpsideDown UIInterfaceOrientationLandscapeLeft UIInterfaceOrientationLandscapeRight";
				INFOPLIST_KEY_UISupportedInterfaceOrientations_iPhone = "UIInterfaceOrientationPortrait UIInterfaceOrientationLandscapeLeft UIInterfaceOrientationLandscapeRight";
				LD_RUNPATH_SEARCH_PATHS = (
					"$(inherited)",
					"@executable_path/Frameworks",
				);
				MARKETING_VERSION = 1.0;
				PRODUCT_BUNDLE_IDENTIFIER = com.erdempapakci.FooDelivery;
				PRODUCT_NAME = "$(TARGET_NAME)";
				SWIFT_EMIT_LOC_STRINGS = YES;
				SWIFT_VERSION = 5.0;
				TARGETED_DEVICE_FAMILY = "1,2";
			};
			name = Debug;
		};
		C3DBED1128AFFE3F00886091 /* Release */ = {
			isa = XCBuildConfiguration;
			baseConfigurationReference = E42D865ECDFC7AB7E23EA767 /* Pods-YemekSepetiClone.release.xcconfig */;
			buildSettings = {
				ASSETCATALOG_COMPILER_APPICON_NAME = AppIcon;
				ASSETCATALOG_COMPILER_GLOBAL_ACCENT_COLOR_NAME = AccentColor;
				CODE_SIGN_STYLE = Automatic;
				CURRENT_PROJECT_VERSION = 1;
				DEVELOPMENT_TEAM = GZZP766Y22;
				GENERATE_INFOPLIST_FILE = YES;
				INFOPLIST_FILE = YemekSepetiClone/Info.plist;
				INFOPLIST_KEY_CFBundleDisplayName = FooDelivery;
				INFOPLIST_KEY_UIApplicationSupportsIndirectInputEvents = YES;
				INFOPLIST_KEY_UILaunchStoryboardName = LaunchScreen;
				INFOPLIST_KEY_UIMainStoryboardFile = Main;
				INFOPLIST_KEY_UISupportedInterfaceOrientations_iPad = "UIInterfaceOrientationPortrait UIInterfaceOrientationPortraitUpsideDown UIInterfaceOrientationLandscapeLeft UIInterfaceOrientationLandscapeRight";
				INFOPLIST_KEY_UISupportedInterfaceOrientations_iPhone = "UIInterfaceOrientationPortrait UIInterfaceOrientationLandscapeLeft UIInterfaceOrientationLandscapeRight";
				LD_RUNPATH_SEARCH_PATHS = (
					"$(inherited)",
					"@executable_path/Frameworks",
				);
				MARKETING_VERSION = 1.0;
				PRODUCT_BUNDLE_IDENTIFIER = com.erdempapakci.FooDelivery;
				PRODUCT_NAME = "$(TARGET_NAME)";
				SWIFT_EMIT_LOC_STRINGS = YES;
				SWIFT_VERSION = 5.0;
				TARGETED_DEVICE_FAMILY = "1,2";
			};
			name = Release;
		};
		C3DBED1328AFFE3F00886091 /* Debug */ = {
			isa = XCBuildConfiguration;
			baseConfigurationReference = D24E9F313D19988CDAEA0513 /* Pods-YemekSepetiCloneTests.debug.xcconfig */;
			buildSettings = {
				ALWAYS_EMBED_SWIFT_STANDARD_LIBRARIES = YES;
				BUNDLE_LOADER = "$(TEST_HOST)";
				CODE_SIGN_STYLE = Automatic;
				CURRENT_PROJECT_VERSION = 1;
				DEVELOPMENT_TEAM = GZZP766Y22;
				GENERATE_INFOPLIST_FILE = YES;
				IPHONEOS_DEPLOYMENT_TARGET = 15.5;
				MARKETING_VERSION = 1.0;
				PRODUCT_BUNDLE_IDENTIFIER = com.erdempapakci.YemekSepetiCloneTests;
				PRODUCT_NAME = "$(TARGET_NAME)";
				SWIFT_EMIT_LOC_STRINGS = NO;
				SWIFT_VERSION = 5.0;
				TARGETED_DEVICE_FAMILY = "1,2";
				TEST_HOST = "$(BUILT_PRODUCTS_DIR)/YemekSepetiClone.app/YemekSepetiClone";
			};
			name = Debug;
		};
		C3DBED1428AFFE3F00886091 /* Release */ = {
			isa = XCBuildConfiguration;
			baseConfigurationReference = 2C3824EEBD9D3A7AF4EB2C02 /* Pods-YemekSepetiCloneTests.release.xcconfig */;
			buildSettings = {
				ALWAYS_EMBED_SWIFT_STANDARD_LIBRARIES = YES;
				BUNDLE_LOADER = "$(TEST_HOST)";
				CODE_SIGN_STYLE = Automatic;
				CURRENT_PROJECT_VERSION = 1;
				DEVELOPMENT_TEAM = GZZP766Y22;
				GENERATE_INFOPLIST_FILE = YES;
				IPHONEOS_DEPLOYMENT_TARGET = 15.5;
				MARKETING_VERSION = 1.0;
				PRODUCT_BUNDLE_IDENTIFIER = com.erdempapakci.YemekSepetiCloneTests;
				PRODUCT_NAME = "$(TARGET_NAME)";
				SWIFT_EMIT_LOC_STRINGS = NO;
				SWIFT_VERSION = 5.0;
				TARGETED_DEVICE_FAMILY = "1,2";
				TEST_HOST = "$(BUILT_PRODUCTS_DIR)/YemekSepetiClone.app/YemekSepetiClone";
			};
			name = Release;
		};
		C3DBED1628AFFE3F00886091 /* Debug */ = {
			isa = XCBuildConfiguration;
			baseConfigurationReference = B83CFC0B4AAFB34276604B28 /* Pods-YemekSepetiClone-YemekSepetiCloneUITests.debug.xcconfig */;
			buildSettings = {
				ALWAYS_EMBED_SWIFT_STANDARD_LIBRARIES = YES;
				CODE_SIGN_STYLE = Automatic;
				CURRENT_PROJECT_VERSION = 1;
				DEVELOPMENT_TEAM = GZZP766Y22;
				GENERATE_INFOPLIST_FILE = YES;
				MARKETING_VERSION = 1.0;
				PRODUCT_BUNDLE_IDENTIFIER = com.erdempapakci.YemekSepetiCloneUITests;
				PRODUCT_NAME = "$(TARGET_NAME)";
				SWIFT_EMIT_LOC_STRINGS = NO;
				SWIFT_VERSION = 5.0;
				TARGETED_DEVICE_FAMILY = "1,2";
				TEST_TARGET_NAME = YemekSepetiClone;
			};
			name = Debug;
		};
		C3DBED1728AFFE3F00886091 /* Release */ = {
			isa = XCBuildConfiguration;
			baseConfigurationReference = 74E8CADCD3C53FC0AE537651 /* Pods-YemekSepetiClone-YemekSepetiCloneUITests.release.xcconfig */;
			buildSettings = {
				ALWAYS_EMBED_SWIFT_STANDARD_LIBRARIES = YES;
				CODE_SIGN_STYLE = Automatic;
				CURRENT_PROJECT_VERSION = 1;
				DEVELOPMENT_TEAM = GZZP766Y22;
				GENERATE_INFOPLIST_FILE = YES;
				MARKETING_VERSION = 1.0;
				PRODUCT_BUNDLE_IDENTIFIER = com.erdempapakci.YemekSepetiCloneUITests;
				PRODUCT_NAME = "$(TARGET_NAME)";
				SWIFT_EMIT_LOC_STRINGS = NO;
				SWIFT_VERSION = 5.0;
				TARGETED_DEVICE_FAMILY = "1,2";
				TEST_TARGET_NAME = YemekSepetiClone;
			};
			name = Release;
		};
/* End XCBuildConfiguration section */

/* Begin XCConfigurationList section */
		C3DBECE028AFFE3E00886091 /* Build configuration list for PBXProject "YemekSepetiClone" */ = {
			isa = XCConfigurationList;
			buildConfigurations = (
				C3DBED0D28AFFE3F00886091 /* Debug */,
				C3DBED0E28AFFE3F00886091 /* Release */,
			);
			defaultConfigurationIsVisible = 0;
			defaultConfigurationName = Release;
		};
		C3DBED0F28AFFE3F00886091 /* Build configuration list for PBXNativeTarget "YemekSepetiClone" */ = {
			isa = XCConfigurationList;
			buildConfigurations = (
				C3DBED1028AFFE3F00886091 /* Debug */,
				C3DBED1128AFFE3F00886091 /* Release */,
			);
			defaultConfigurationIsVisible = 0;
			defaultConfigurationName = Release;
		};
		C3DBED1228AFFE3F00886091 /* Build configuration list for PBXNativeTarget "YemekSepetiCloneTests" */ = {
			isa = XCConfigurationList;
			buildConfigurations = (
				C3DBED1328AFFE3F00886091 /* Debug */,
				C3DBED1428AFFE3F00886091 /* Release */,
			);
			defaultConfigurationIsVisible = 0;
			defaultConfigurationName = Release;
		};
		C3DBED1528AFFE3F00886091 /* Build configuration list for PBXNativeTarget "YemekSepetiCloneUITests" */ = {
			isa = XCConfigurationList;
			buildConfigurations = (
				C3DBED1628AFFE3F00886091 /* Debug */,
				C3DBED1728AFFE3F00886091 /* Release */,
			);
			defaultConfigurationIsVisible = 0;
			defaultConfigurationName = Release;
		};
/* End XCConfigurationList section */
	};
	rootObject = C3DBECDD28AFFE3E00886091 /* Project object */;
}
